
Microsoft Visual Studio Solution File, Format Version 12.00
# Visual Studio 15
VisualStudioVersion = 15.0.28307.102
MinimumVisualStudioVersion = 10.0.40219.1
Project("{FAE04EC0-301F-11D3-BF4B-00C04F79EFBC}") = "GitHubUserService", "GitHubUserService\GitHubUserService.csproj", "{65404397-D3F1-43BB-8CAD-3079F35DB851}"
EndProject
Global
	GlobalSection(SolutionConfigurationPlatforms) = preSolution
		Debug|Any CPU = Debug|Any CPU
		Release|Any CPU = Release|Any CPU
	EndGlobalSection
	GlobalSection(ProjectConfigurationPlatforms) = postSolution
		{65404397-D3F1-43BB-8CAD-3079F35DB851}.Debug|Any CPU.ActiveCfg = Debug|Any CPU
		{65404397-D3F1-43BB-8CAD-3079F35DB851}.Debug|Any CPU.Build.0 = Debug|Any CPU
		{65404397-D3F1-43BB-8CAD-3079F35DB851}.Release|Any CPU.ActiveCfg = Release|Any CPU
		{65404397-D3F1-43BB-8CAD-3079F35DB851}.Release|Any CPU.Build.0 = Release|Any CPU
	EndGlobalSection
	GlobalSection(SolutionProperties) = preSolution
		HideSolutionNode = FALSE
	EndGlobalSection
	GlobalSection(ExtensibilityGlobals) = postSolution
		SolutionGuid = {1FA1B23B-46C6-400C-A383-782E3C0216EC}
	EndGlobalSection
EndGlobal
